// !$*UTF8*$!
{
	archiveVersion = 1;
	classes = {
	};
	objectVersion = 56;
	objects = {

/* Begin PBXBuildFile section */
		0C85549F290C1440008651F0 /* AppDelegate.swift in Sources */ = {isa = PBXBuildFile; fileRef = 0C85549E290C1440008651F0 /* AppDelegate.swift */; };
		0C8554A8290C1441008651F0 /* Assets.xcassets in Resources */ = {isa = PBXBuildFile; fileRef = 0C8554A7290C1441008651F0 /* Assets.xcassets */; };
		0C8554AB290C1441008651F0 /* LaunchScreen.storyboard in Resources */ = {isa = PBXBuildFile; fileRef = 0C8554A9290C1441008651F0 /* LaunchScreen.storyboard */; };
		0C8554B3290C1B37008651F0 /* MainViewController.swift in Sources */ = {isa = PBXBuildFile; fileRef = 0C8554B2290C1B37008651F0 /* MainViewController.swift */; };
		0C9781C8303513A300C0B864 /* DRNERenderVideoManager.swift in Sources */ = {isa = PBXBuildFile; fileRef = 0C9781C6303513A300C0B864 /* DRNERenderVideoManager.swift */; };
		0C9781C9303513A300C0B864 /* DRNEVideoPlayerBodyView.swift in Sources */ = {isa = PBXBuildFile; fileRef = 0C9781C4303513A300C0B864 /* DRNEVideoPlayerBodyView.swift */; };
		0C9781CC3035143600C0B864 /* UIColor+RCColor.m in Sources */ = {isa = PBXBuildFile; fileRef = 0C9781CB3035143600C0B864 /* UIColor+RCColor.m */; };
		0CBC5B1030352A35004BA045 /* VideoSource01.MP4 in Resources */ = {isa = PBXBuildFile; fileRef = 0CBC5B0F30352A35004BA045 /* VideoSource01.MP4 */; };
		2BFD8FB376E68842F2052F4D /* Pods_VideoPlayerAndRenderDemo.framework in Frameworks */ = {isa = PBXBuildFile; fileRef = F7D562E7AA455176CC1F1E95 /* Pods_VideoPlayerAndRenderDemo.framework */; };
		84164CB92BD60996006AB084 /* TSPrefixHeader.swift in Sources */ = {isa = PBXBuildFile; fileRef = 84164CB82BD60996006AB084 /* TSPrefixHeader.swift */; };
		84164CBB2BD609D0006AB084 /* TSFrameworksHeader.swift in Sources */ = {isa = PBXBuildFile; fileRef = 84164CBA2BD609D0006AB084 /* TSFrameworksHeader.swift */; };
		84B5EE962C748466005F7B8D /* Localizable.strings in Resources */ = {isa = PBXBuildFile; fileRef = 84B5EE942C748466005F7B8D /* Localizable.strings */; };
		84B5EE9A2C748489005F7B8D /* InfoPlist.strings in Resources */ = {isa = PBXBuildFile; fileRef = 84B5EE982C748489005F7B8D /* InfoPlist.strings */; };
/* End PBXBuildFile section */

/* Begin PBXFileReference section */
		04BBA91887D4B651964397FD /* Pods-SimpleSwiftProgram.debug.xcconfig */ = {isa = PBXFileReference; includeInIndex = 1; lastKnownFileType = text.xcconfig; name = "Pods-SimpleSwiftProgram.debug.xcconfig"; path = "Target Support Files/Pods-SimpleSwiftProgram/Pods-SimpleSwiftProgram.debug.xcconfig"; sourceTree = "<group>"; };
		0C85549B290C1440008651F0 /* VideoPlayerAndRenderDemo.app */ = {isa = PBXFileReference; explicitFileType = wrapper.application; includeInIndex = 0; path = VideoPlayerAndRenderDemo.app; sourceTree = BUILT_PRODUCTS_DIR; };
		0C85549E290C1440008651F0 /* AppDelegate.swift */ = {isa = PBXFileReference; lastKnownFileType = sourcecode.swift; path = AppDelegate.swift; sourceTree = "<group>"; };
		0C8554A7290C1441008651F0 /* Assets.xcassets */ = {isa = PBXFileReference; lastKnownFileType = folder.assetcatalog; path = Assets.xcassets; sourceTree = "<group>"; };
		0C8554AA290C1441008651F0 /* Base */ = {isa = PBXFileReference; lastKnownFileType = file.storyboard; name = Base; path = Base.lproj/LaunchScreen.storyboard; sourceTree = "<group>"; };
		0C8554AC290C1441008651F0 /* Info.plist */ = {isa = PBXFileReference; lastKnownFileType = text.plist.xml; path = Info.plist; sourceTree = "<group>"; };
		0C8554B2290C1B37008651F0 /* MainViewController.swift */ = {isa = PBXFileReference; lastKnownFileType = sourcecode.swift; path = MainViewController.swift; sourceTree = "<group>"; };
		0C9781C4303513A300C0B864 /* DRNEVideoPlayerBodyView.swift */ = {isa = PBXFileReference; lastKnownFileType = sourcecode.swift; path = DRNEVideoPlayerBodyView.swift; sourceTree = "<group>"; };
		0C9781C6303513A300C0B864 /* DRNERenderVideoManager.swift */ = {isa = PBXFileReference; lastKnownFileType = sourcecode.swift; path = DRNERenderVideoManager.swift; sourceTree = "<group>"; };
		0C9781CA3035143600C0B864 /* UIColor+RCColor.h */ = {isa = PBXFileReference; lastKnownFileType = sourcecode.c.h; path = "UIColor+RCColor.h"; sourceTree = "<group>"; };
		0C9781CB3035143600C0B864 /* UIColor+RCColor.m */ = {isa = PBXFileReference; lastKnownFileType = sourcecode.c.objc; path = "UIColor+RCColor.m"; sourceTree = "<group>"; };
		0CBC5B0F30352A35004BA045 /* VideoSource01.MP4 */ = {isa = PBXFileReference; lastKnownFileType = file; path = VideoSource01.MP4; sourceTree = "<group>"; };
		399C313A79B673A287A26720 /* Pods-SimpleSwiftProgram.release.xcconfig */ = {isa = PBXFileReference; includeInIndex = 1; lastKnownFileType = text.xcconfig; name = "Pods-SimpleSwiftProgram.release.xcconfig"; path = "Target Support Files/Pods-SimpleSwiftProgram/Pods-SimpleSwiftProgram.release.xcconfig"; sourceTree = "<group>"; };
		4E7419EEF2DE911FF525BA6D /* Pods-VideoPlayerAndRenderDemo.debug.xcconfig */ = {isa = PBXFileReference; includeInIndex = 1; lastKnownFileType = text.xcconfig; name = "Pods-VideoPlayerAndRenderDemo.debug.xcconfig"; path = "Target Support Files/Pods-VideoPlayerAndRenderDemo/Pods-VideoPlayerAndRenderDemo.debug.xcconfig"; sourceTree = "<group>"; };
		51A3D055DCD5F7DEEAF9F37D /* Pods-VideoPlayerAndRenderDemo.release.xcconfig */ = {isa = PBXFileReference; includeInIndex = 1; lastKnownFileType = text.xcconfig; name = "Pods-VideoPlayerAndRenderDemo.release.xcconfig"; path = "Target Support Files/Pods-VideoPlayerAndRenderDemo/Pods-VideoPlayerAndRenderDemo.release.xcconfig"; sourceTree = "<group>"; };
		5C8C92D5FD4674A4434B9FED /* Pods-SimpleProgramSwift.release.xcconfig */ = {isa = PBXFileReference; includeInIndex = 1; lastKnownFileType = text.xcconfig; name = "Pods-SimpleProgramSwift.release.xcconfig"; path = "Target Support Files/Pods-SimpleProgramSwift/Pods-SimpleProgramSwift.release.xcconfig"; sourceTree = "<group>"; };
		84164CB82BD60996006AB084 /* TSPrefixHeader.swift */ = {isa = PBXFileReference; lastKnownFileType = sourcecode.swift; path = TSPrefixHeader.swift; sourceTree = "<group>"; };
		84164CBA2BD609D0006AB084 /* TSFrameworksHeader.swift */ = {isa = PBXFileReference; lastKnownFileType = sourcecode.swift; path = TSFrameworksHeader.swift; sourceTree = "<group>"; };
		84164CBC2BD609FE006AB084 /* SimpleProgramSwift-Bridging-Header.h */ = {isa = PBXFileReference; lastKnownFileType = sourcecode.c.h; path = "SimpleProgramSwift-Bridging-Header.h"; sourceTree = "<group>"; };
		84B5EE922C748453005F7B8D /* zh-Hans */ = {isa = PBXFileReference; lastKnownFileType = text.plist.strings; name = "zh-Hans"; path = "zh-Hans.lproj/LaunchScreen.strings"; sourceTree = "<group>"; };
		84B5EE932C74845A005F7B8D /* ja */ = {isa = PBXFileReference; lastKnownFileType = text.plist.strings; name = ja; path = ja.lproj/LaunchScreen.strings; sourceTree = "<group>"; };
		84B5EE952C748466005F7B8D /* en */ = {isa = PBXFileReference; lastKnownFileType = text.plist.strings; name = en; path = en.lproj/Localizable.strings; sourceTree = "<group>"; };
		84B5EE992C748489005F7B8D /* en */ = {isa = PBXFileReference; lastKnownFileType = text.plist.strings; name = en; path = en.lproj/InfoPlist.strings; sourceTree = "<group>"; };
		84B5EE9B2C748497005F7B8D /* zh-Hans */ = {isa = PBXFileReference; lastKnownFileType = text.plist.strings; name = "zh-Hans"; path = "zh-Hans.lproj/InfoPlist.strings"; sourceTree = "<group>"; };
		84B5EE9C2C74849A005F7B8D /* ja */ = {isa = PBXFileReference; lastKnownFileType = text.plist.strings; name = ja; path = ja.lproj/InfoPlist.strings; sourceTree = "<group>"; };
		84B5EE9D2C74849E005F7B8D /* zh-Hans */ = {isa = PBXFileReference; lastKnownFileType = text.plist.strings; name = "zh-Hans"; path = "zh-Hans.lproj/Localizable.strings"; sourceTree = "<group>"; };
		84B5EE9E2C7484A1005F7B8D /* ja */ = {isa = PBXFileReference; lastKnownFileType = text.plist.strings; name = ja; path = ja.lproj/Localizable.strings; sourceTree = "<group>"; };
		92FA0FF3296B5831AA1D925A /* Pods-SimpleProgramSwift.debug.xcconfig */ = {isa = PBXFileReference; includeInIndex = 1; lastKnownFileType = text.xcconfig; name = "Pods-SimpleProgramSwift.debug.xcconfig"; path = "Target Support Files/Pods-SimpleProgramSwift/Pods-SimpleProgramSwift.debug.xcconfig"; sourceTree = "<group>"; };
		F7D562E7AA455176CC1F1E95 /* Pods_VideoPlayerAndRenderDemo.framework */ = {isa = PBXFileReference; explicitFileType = wrapper.framework; includeInIndex = 0; path = Pods_VideoPlayerAndRenderDemo.framework; sourceTree = BUILT_PRODUCTS_DIR; };
/* End PBXFileReference section */

/* Begin PBXFrameworksBuildPhase section */
		0C855498290C1440008651F0 /* Frameworks */ = {
			isa = PBXFrameworksBuildPhase;
			buildActionMask = 2147483647;
			files = (
				2BFD8FB376E68842F2052F4D /* Pods_VideoPlayerAndRenderDemo.framework in Frameworks */,
			);
			runOnlyForDeploymentPostprocessing = 0;
		};
/* End PBXFrameworksBuildPhase section */

/* Begin PBXGroup section */
		0C855492290C1440008651F0 = {
			isa = PBXGroup;
			children = (
				0C85549D290C1440008651F0 /* VideoPlayerAndRenderDemo */,
				0C85549C290C1440008651F0 /* Products */,
				61FDBB0CBCB8E09894FEEA0F /* Pods */,
				7A3AEFBC322B4624CB9AD896 /* Frameworks */,
			);
			sourceTree = "<group>";
		};
		0C85549C290C1440008651F0 /* Products */ = {
			isa = PBXGroup;
			children = (
				0C85549B290C1440008651F0 /* VideoPlayerAndRenderDemo.app */,
			);
			name = Products;
			sourceTree = "<group>";
		};
		0C85549D290C1440008651F0 /* VideoPlayerAndRenderDemo */ = {
			isa = PBXGroup;
			children = (
				84F443F02BF62D1F00E8CF74 /* Extension */,
				84164CC02BD60BF9006AB084 /* Resources */,
				84164CB72BD60967006AB084 /* Header */,
				0C9781C5303513A300C0B864 /* View */,
				0C9781C7303513A300C0B864 /* Manager */,
				0C85549E290C1440008651F0 /* AppDelegate.swift */,
				0C8554B2290C1B37008651F0 /* MainViewController.swift */,
				84B5EE942C748466005F7B8D /* Localizable.strings */,
				84B5EE982C748489005F7B8D /* InfoPlist.strings */,
				0C8554A7290C1441008651F0 /* Assets.xcassets */,
				0C8554A9290C1441008651F0 /* LaunchScreen.storyboard */,
				0C8554AC290C1441008651F0 /* Info.plist */,
			);
			path = VideoPlayerAndRenderDemo;
			sourceTree = "<group>";
		};
		0C9781C5303513A300C0B864 /* View */ = {
			isa = PBXGroup;
			children = (
				0C9781C4303513A300C0B864 /* DRNEVideoPlayerBodyView.swift */,
			);
			path = View;
			sourceTree = "<group>";
		};
		0C9781C7303513A300C0B864 /* Manager */ = {
			isa = PBXGroup;
			children = (
				0C9781C6303513A300C0B864 /* DRNERenderVideoManager.swift */,
			);
			path = Manager;
			sourceTree = "<group>";
		};
		61FDBB0CBCB8E09894FEEA0F /* Pods */ = {
			isa = PBXGroup;
			children = (
				92FA0FF3296B5831AA1D925A /* Pods-SimpleProgramSwift.debug.xcconfig */,
				5C8C92D5FD4674A4434B9FED /* Pods-SimpleProgramSwift.release.xcconfig */,
				04BBA91887D4B651964397FD /* Pods-SimpleSwiftProgram.debug.xcconfig */,
				399C313A79B673A287A26720 /* Pods-SimpleSwiftProgram.release.xcconfig */,
				4E7419EEF2DE911FF525BA6D /* Pods-VideoPlayerAndRenderDemo.debug.xcconfig */,
				51A3D055DCD5F7DEEAF9F37D /* Pods-VideoPlayerAndRenderDemo.release.xcconfig */,
			);
			path = Pods;
			sourceTree = "<group>";
		};
		7A3AEFBC322B4624CB9AD896 /* Frameworks */ = {
			isa = PBXGroup;
			children = (
				F7D562E7AA455176CC1F1E95 /* Pods_VideoPlayerAndRenderDemo.framework */,
			);
			name = Frameworks;
			sourceTree = "<group>";
		};
		84164CB72BD60967006AB084 /* Header */ = {
			isa = PBXGroup;
			children = (
				84164CB82BD60996006AB084 /* TSPrefixHeader.swift */,
				84164CBA2BD609D0006AB084 /* TSFrameworksHeader.swift */,
				84164CBC2BD609FE006AB084 /* SimpleProgramSwift-Bridging-Header.h */,
			);
			path = Header;
			sourceTree = "<group>";
		};
		84164CC02BD60BF9006AB084 /* Resources */ = {
			isa = PBXGroup;
			children = (
				0CBC5B0F30352A35004BA045 /* VideoSource01.MP4 */,
			);
			path = Resources;
			sourceTree = "<group>";
		};
		84F443F02BF62D1F00E8CF74 /* Extension */ = {
			isa = PBXGroup;
			children = (
				0C9781CA3035143600C0B864 /* UIColor+RCColor.h */,
				0C9781CB3035143600C0B864 /* UIColor+RCColor.m */,
			);
			path = Extension;
			sourceTree = "<group>";
		};
/* End PBXGroup section */

/* Begin PBXNativeTarget section */
		0C85549A290C1440008651F0 /* VideoPlayerAndRenderDemo */ = {
			isa = PBXNativeTarget;
			buildConfigurationList = 0C8554AF290C1441008651F0 /* Build configuration list for PBXNativeTarget "VideoPlayerAndRenderDemo" */;
			buildPhases = (
				32C2782392A1BEF5B96A6662 /* [CP] Check Pods Manifest.lock */,
				0C855497290C1440008651F0 /* Sources */,
				0C855498290C1440008651F0 /* Frameworks */,
				0C855499290C1440008651F0 /* Resources */,
				1BB8BC8BFE5F3F0FF5D5EAF0 /* [CP] Embed Pods Frameworks */,
			);
			buildRules = (
			);
			dependencies = (
			);
			name = VideoPlayerAndRenderDemo;
			productName = SimpleProgramSwift;
			productReference = 0C85549B290C1440008651F0 /* VideoPlayerAndRenderDemo.app */;
			productType = "com.apple.product-type.application";
		};
/* End PBXNativeTarget section */

/* Begin PBXProject section */
		0C855493290C1440008651F0 /* Project object */ = {
			isa = PBXProject;
			attributes = {
				BuildIndependentTargetsInParallel = 1;
				CLASSPREFIX = RTNS;
				LastSwiftUpdateCheck = 1400;
				LastUpgradeCheck = 1400;
				ORGANIZATIONNAME = "Artanis Protoss";
				TargetAttributes = {
					0C85549A290C1440008651F0 = {
						CreatedOnToolsVersion = 14.0.1;
						LastSwiftMigration = 1530;
					};
				};
			};
			buildConfigurationList = 0C855496290C1440008651F0 /* Build configuration list for PBXProject "VideoPlayerAndRenderDemo" */;
			compatibilityVersion = "Xcode 14.0";
			developmentRegion = en;
			hasScannedForEncodings = 0;
			knownRegions = (
				en,
				Base,
				"zh-Hans",
				ja,
			);
			mainGroup = 0C855492290C1440008651F0;
			productRefGroup = 0C85549C290C1440008651F0 /* Products */;
			projectDirPath = "";
			projectRoot = "";
			targets = (
				0C85549A290C1440008651F0 /* VideoPlayerAndRenderDemo */,
			);
		};
/* End PBXProject section */

/* Begin PBXResourcesBuildPhase section */
		0C855499290C1440008651F0 /* Resources */ = {
			isa = PBXResourcesBuildPhase;
			buildActionMask = 2147483647;
			files = (
				84B5EE962C748466005F7B8D /* Localizable.strings in Resources */,
				84B5EE9A2C748489005F7B8D /* InfoPlist.strings in Resources */,
				0C8554AB290C1441008651F0 /* LaunchScreen.storyboard in Resources */,
				0CBC5B1030352A35004BA045 /* VideoSource01.MP4 in Resources */,
				0C8554A8290C1441008651F0 /* Assets.xcassets in Resources */,
			);
			runOnlyForDeploymentPostprocessing = 0;
		};
/* End PBXResourcesBuildPhase section */

/* Begin PBXShellScriptBuildPhase section */
		1BB8BC8BFE5F3F0FF5D5EAF0 /* [CP] Embed Pods Frameworks */ = {
			isa = PBXShellScriptBuildPhase;
			buildActionMask = 2147483647;
			files = (
			);
			inputFileListPaths = (
				"${PODS_ROOT}/Target Support Files/Pods-VideoPlayerAndRenderDemo/Pods-VideoPlayerAndRenderDemo-frameworks-${CONFIGURATION}-input-files.xcfilelist",
			);
			name = "[CP] Embed Pods Frameworks";
			outputFileListPaths = (
				"${PODS_ROOT}/Target Support Files/Pods-VideoPlayerAndRenderDemo/Pods-VideoPlayerAndRenderDemo-frameworks-${CONFIGURATION}-output-files.xcfilelist",
			);
			runOnlyForDeploymentPostprocessing = 0;
			shellPath = /bin/sh;
			shellScript = "\"${PODS_ROOT}/Target Support Files/Pods-VideoPlayerAndRenderDemo/Pods-VideoPlayerAndRenderDemo-frameworks.sh\"\n";
			showEnvVarsInLog = 0;
		};
		32C2782392A1BEF5B96A6662 /* [CP] Check Pods Manifest.lock */ = {
			isa = PBXShellScriptBuildPhase;
			buildActionMask = 2147483647;
			files = (
			);
			inputFileListPaths = (
			);
			inputPaths = (
				"${PODS_PODFILE_DIR_PATH}/Podfile.lock",
				"${PODS_ROOT}/Manifest.lock",
			);
			name = "[CP] Check Pods Manifest.lock";
			outputFileListPaths = (
			);
			outputPaths = (
				"$(DERIVED_FILE_DIR)/Pods-VideoPlayerAndRenderDemo-checkManifestLockResult.txt",
			);
			runOnlyForDeploymentPostprocessing = 0;
			shellPath = /bin/sh;
			shellScript = "diff \"${PODS_PODFILE_DIR_PATH}/Podfile.lock\" \"${PODS_ROOT}/Manifest.lock\" > /dev/null\nif [ $? != 0 ] ; then\n    # print error to STDERR\n    echo \"error: The sandbox is not in sync with the Podfile.lock. Run 'pod install' or update your CocoaPods installation.\" >&2\n    exit 1\nfi\n# This output is used by Xcode 'outputs' to avoid re-running this script phase.\necho \"SUCCESS\" > \"${SCRIPT_OUTPUT_FILE_0}\"\n";
			showEnvVarsInLog = 0;
		};
/* End PBXShellScriptBuildPhase section */

/* Begin PBXSourcesBuildPhase section */
		0C855497290C1440008651F0 /* Sources */ = {
			isa = PBXSourcesBuildPhase;
			buildActionMask = 2147483647;
			files = (
				0C9781CC3035143600C0B864 /* UIColor+RCColor.m in Sources */,
				0C9781C8303513A300C0B864 /* DRNERenderVideoManager.swift in Sources */,
				0C9781C9303513A300C0B864 /* DRNEVideoPlayerBodyView.swift in Sources */,
				84164CBB2BD609D0006AB084 /* TSFrameworksHeader.swift in Sources */,
				0C85549F290C1440008651F0 /* AppDelegate.swift in Sources */,
				84164CB92BD60996006AB084 /* TSPrefixHeader.swift in Sources */,
				0C8554B3290C1B37008651F0 /* MainViewController.swift in Sources */,
			);
			runOnlyForDeploymentPostprocessing = 0;
		};
/* End PBXSourcesBuildPhase section */

/* Begin PBXVariantGroup section */
		0C8554A9290C1441008651F0 /* LaunchScreen.storyboard */ = {
			isa = PBXVariantGroup;
			children = (
				0C8554AA290C1441008651F0 /* Base */,
				84B5EE922C748453005F7B8D /* zh-Hans */,
				84B5EE932C74845A005F7B8D /* ja */,
			);
			name = LaunchScreen.storyboard;
			sourceTree = "<group>";
		};
		84B5EE942C748466005F7B8D /* Localizable.strings */ = {
			isa = PBXVariantGroup;
			children = (
				84B5EE952C748466005F7B8D /* en */,
				84B5EE9D2C74849E005F7B8D /* zh-Hans */,
				84B5EE9E2C7484A1005F7B8D /* ja */,
			);
			name = Localizable.strings;
			sourceTree = "<group>";
		};
		84B5EE982C748489005F7B8D /* InfoPlist.strings */ = {
			isa = PBXVariantGroup;
			children = (
				84B5EE992C748489005F7B8D /* en */,
				84B5EE9B2C748497005F7B8D /* zh-Hans */,
				84B5EE9C2C74849A005F7B8D /* ja */,
			);
			name = InfoPlist.strings;
			sourceTree = "<group>";
		};
/* End PBXVariantGroup section */

/* Begin XCBuildConfiguration section */
		0C8554AD290C1441008651F0 /* Debug */ = {
			isa = XCBuildConfiguration;
			buildSettings = {
				ALWAYS_SEARCH_USER_PATHS = NO;
				CLANG_ANALYZER_LOCALIZABILITY_NONLOCALIZED = YES;
				CLANG_ANALYZER_NONNULL = YES;
				CLANG_ANALYZER_NUMBER_OBJECT_CONVERSION = YES_AGGRESSIVE;
				CLANG_CXX_LANGUAGE_STANDARD = "gnu++20";
				CLANG_ENABLE_MODULES = YES;
				CLANG_ENABLE_OBJC_ARC = YES;
				CLANG_ENABLE_OBJC_WEAK = YES;
				CLANG_WARN_BLOCK_CAPTURE_AUTORELEASING = YES;
				CLANG_WARN_BOOL_CONVERSION = YES;
				CLANG_WARN_COMMA = YES;
				CLANG_WARN_CONSTANT_CONVERSION = YES;
				CLANG_WARN_DEPRECATED_OBJC_IMPLEMENTATIONS = YES;
				CLANG_WARN_DIRECT_OBJC_ISA_USAGE = YES_ERROR;
				CLANG_WARN_DOCUMENTATION_COMMENTS = YES;
				CLANG_WARN_EMPTY_BODY = YES;
				CLANG_WARN_ENUM_CONVERSION = YES;
				CLANG_WARN_INFINITE_RECURSION = YES;
				CLANG_WARN_INT_CONVERSION = YES;
				CLANG_WARN_NON_LITERAL_NULL_CONVERSION = YES;
				CLANG_WARN_OBJC_IMPLICIT_RETAIN_SELF = YES;
				CLANG_WARN_OBJC_LITERAL_CONVERSION = YES;
				CLANG_WARN_OBJC_ROOT_CLASS = YES_ERROR;
				CLANG_WARN_QUOTED_INCLUDE_IN_FRAMEWORK_HEADER = YES;
				CLANG_WARN_RANGE_LOOP_ANALYSIS = YES;
				CLANG_WARN_STRICT_PROTOTYPES = YES;
				CLANG_WARN_SUSPICIOUS_MOVE = YES;
				CLANG_WARN_UNGUARDED_AVAILABILITY = YES_AGGRESSIVE;
				CLANG_WARN_UNREACHABLE_CODE = YES;
				CLANG_WARN__DUPLICATE_METHOD_MATCH = YES;
				COPY_PHASE_STRIP = NO;
				DEBUG_INFORMATION_FORMAT = dwarf;
				ENABLE_STRICT_OBJC_MSGSEND = YES;
				ENABLE_TESTABILITY = YES;
				GCC_C_LANGUAGE_STANDARD = gnu11;
				GCC_DYNAMIC_NO_PIC = NO;
				GCC_NO_COMMON_BLOCKS = YES;
				GCC_OPTIMIZATION_LEVEL = 0;
				GCC_PREPROCESSOR_DEFINITIONS = (
					"DEBUG=1",
					"$(inherited)",
				);
				GCC_WARN_64_TO_32_BIT_CONVERSION = YES;
				GCC_WARN_ABOUT_RETURN_TYPE = YES_ERROR;
				GCC_WARN_UNDECLARED_SELECTOR = YES;
				GCC_WARN_UNINITIALIZED_AUTOS = YES_AGGRESSIVE;
				GCC_WARN_UNUSED_FUNCTION = YES;
				GCC_WARN_UNUSED_VARIABLE = YES;
				IPHONEOS_DEPLOYMENT_TARGET = 13.6;
				MTL_ENABLE_DEBUG_INFO = INCLUDE_SOURCE;
				MTL_FAST_MATH = YES;
				ONLY_ACTIVE_ARCH = YES;
				SDKROOT = iphoneos;
				SWIFT_ACTIVE_COMPILATION_CONDITIONS = DEBUG;
				SWIFT_OPTIMIZATION_LEVEL = "-Onone";
			};
			name = Debug;
		};
		0C8554AE290C1441008651F0 /* Release */ = {
			isa = XCBuildConfiguration;
			buildSettings = {
				ALWAYS_SEARCH_USER_PATHS = NO;
				CLANG_ANALYZER_LOCALIZABILITY_NONLOCALIZED = YES;
				CLANG_ANALYZER_NONNULL = YES;
				CLANG_ANALYZER_NUMBER_OBJECT_CONVERSION = YES_AGGRESSIVE;
				CLANG_CXX_LANGUAGE_STANDARD = "gnu++20";
				CLANG_ENABLE_MODULES = YES;
				CLANG_ENABLE_OBJC_ARC = YES;
				CLANG_ENABLE_OBJC_WEAK = YES;
				CLANG_WARN_BLOCK_CAPTURE_AUTORELEASING = YES;
				CLANG_WARN_BOOL_CONVERSION = YES;
				CLANG_WARN_COMMA = YES;
				CLANG_WARN_CONSTANT_CONVERSION = YES;
				CLANG_WARN_DEPRECATED_OBJC_IMPLEMENTATIONS = YES;
				CLANG_WARN_DIRECT_OBJC_ISA_USAGE = YES_ERROR;
				CLANG_WARN_DOCUMENTATION_COMMENTS = YES;
				CLANG_WARN_EMPTY_BODY = YES;
				CLANG_WARN_ENUM_CONVERSION = YES;
				CLANG_WARN_INFINITE_RECURSION = YES;
				CLANG_WARN_INT_CONVERSION = YES;
				CLANG_WARN_NON_LITERAL_NULL_CONVERSION = YES;
				CLANG_WARN_OBJC_IMPLICIT_RETAIN_SELF = YES;
				CLANG_WARN_OBJC_LITERAL_CONVERSION = YES;
				CLANG_WARN_OBJC_ROOT_CLASS = YES_ERROR;
				CLANG_WARN_QUOTED_INCLUDE_IN_FRAMEWORK_HEADER = YES;
				CLANG_WARN_RANGE_LOOP_ANALYSIS = YES;
				CLANG_WARN_STRICT_PROTOTYPES = YES;
				CLANG_WARN_SUSPICIOUS_MOVE = YES;
				CLANG_WARN_UNGUARDED_AVAILABILITY = YES_AGGRESSIVE;
				CLANG_WARN_UNREACHABLE_CODE = YES;
				CLANG_WARN__DUPLICATE_METHOD_MATCH = YES;
				COPY_PHASE_STRIP = NO;
				DEBUG_INFORMATION_FORMAT = "dwarf-with-dsym";
				ENABLE_NS_ASSERTIONS = NO;
				ENABLE_STRICT_OBJC_MSGSEND = YES;
				GCC_C_LANGUAGE_STANDARD = gnu11;
				GCC_NO_COMMON_BLOCKS = YES;
				GCC_WARN_64_TO_32_BIT_CONVERSION = YES;
				GCC_WARN_ABOUT_RETURN_TYPE = YES_ERROR;
				GCC_WARN_UNDECLARED_SELECTOR = YES;
				GCC_WARN_UNINITIALIZED_AUTOS = YES_AGGRESSIVE;
				GCC_WARN_UNUSED_FUNCTION = YES;
				GCC_WARN_UNUSED_VARIABLE = YES;
				IPHONEOS_DEPLOYMENT_TARGET = 13.6;
				MTL_ENABLE_DEBUG_INFO = NO;
				MTL_FAST_MATH = YES;
				SDKROOT = iphoneos;
				SWIFT_COMPILATION_MODE = wholemodule;
				SWIFT_OPTIMIZATION_LEVEL = "-O";
				VALIDATE_PRODUCT = YES;
			};
			name = Release;
		};
		0C8554B0290C1441008651F0 /* Debug */ = {
			isa = XCBuildConfiguration;
			baseConfigurationReference = 4E7419EEF2DE911FF525BA6D /* Pods-VideoPlayerAndRenderDemo.debug.xcconfig */;
			buildSettings = {
				ASSETCATALOG_COMPILER_APPICON_NAME = AppIcon;
				ASSETCATALOG_COMPILER_GLOBAL_ACCENT_COLOR_NAME = AccentColor;
				CLANG_ENABLE_MODULES = YES;
				CODE_SIGN_STYLE = Automatic;
				CURRENT_PROJECT_VERSION = 1;
				DEVELOPMENT_TEAM = SCZ3BN2C9M;
				GENERATE_INFOPLIST_FILE = NO;
				INFOPLIST_FILE = "$(PROJECT_NAME)/Info.plist";
				INFOPLIST_KEY_UIApplicationSupportsIndirectInputEvents = YES;
				INFOPLIST_KEY_UILaunchStoryboardName = LaunchScreen;
				INFOPLIST_KEY_UISupportedInterfaceOrientations_iPad = "UIInterfaceOrientationPortrait UIInterfaceOrientationPortraitUpsideDown UIInterfaceOrientationLandscapeLeft UIInterfaceOrientationLandscapeRight";
				INFOPLIST_KEY_UISupportedInterfaceOrientations_iPhone = "UIInterfaceOrientationPortrait UIInterfaceOrientationLandscapeLeft UIInterfaceOrientationLandscapeRight";
				IPHONEOS_DEPLOYMENT_TARGET = 13.6;
				LD_RUNPATH_SEARCH_PATHS = (
					"$(inherited)",
					"@executable_path/Frameworks",
				);
				MARKETING_VERSION = 1.0.0;
				PRODUCT_BUNDLE_IDENTIFIER = com.video.player.render.demo;
				PRODUCT_NAME = "$(TARGET_NAME)";
				SWIFT_EMIT_LOC_STRINGS = YES;
				SWIFT_OBJC_BRIDGING_HEADER = "$(PROJECT_NAME)/Header/SimpleProgramSwift-Bridging-Header.h";
				SWIFT_OPTIMIZATION_LEVEL = "-Onone";
				SWIFT_VERSION = 5.0;
				TARGETED_DEVICE_FAMILY = "1,2";
			};
			name = Debug;
		};
		0C8554B1290C1441008651F0 /* Release */ = {
			isa = XCBuildConfiguration;
			baseConfigurationReference = 51A3D055DCD5F7DEEAF9F37D /* Pods-VideoPlayerAndRenderDemo.release.xcconfig */;
			buildSettings = {
				ASSETCATALOG_COMPILER_APPICON_NAME = AppIcon;
				ASSETCATALOG_COMPILER_GLOBAL_ACCENT_COLOR_NAME = AccentColor;
				CLANG_ENABLE_MODULES = YES;
				CODE_SIGN_STYLE = Automatic;
				CURRENT_PROJECT_VERSION = 1;
				DEVELOPMENT_TEAM = SCZ3BN2C9M;
				GENERATE_INFOPLIST_FILE = NO;
				INFOPLIST_FILE = "$(PROJECT_NAME)/Info.plist";
				INFOPLIST_KEY_UIApplicationSupportsIndirectInputEvents = YES;
				INFOPLIST_KEY_UILaunchStoryboardName = LaunchScreen;
				INFOPLIST_KEY_UISupportedInterfaceOrientations_iPad = "UIInterfaceOrientationPortrait UIInterfaceOrientationPortraitUpsideDown UIInterfaceOrientationLandscapeLeft UIInterfaceOrientationLandscapeRight";
				INFOPLIST_KEY_UISupportedInterfaceOrientations_iPhone = "UIInterfaceOrientationPortrait UIInterfaceOrientationLandscapeLeft UIInterfaceOrientationLandscapeRight";
				IPHONEOS_DEPLOYMENT_TARGET = 13.6;
				LD_RUNPATH_SEARCH_PATHS = (
					"$(inherited)",
					"@executable_path/Frameworks",
				);
				MARKETING_VERSION = 1.0.0;
				PRODUCT_BUNDLE_IDENTIFIER = com.video.player.render.demo;
				PRODUCT_NAME = "$(TARGET_NAME)";
				SWIFT_EMIT_LOC_STRINGS = YES;
				SWIFT_OBJC_BRIDGING_HEADER = "$(PROJECT_NAME)/Header/SimpleProgramSwift-Bridging-Header.h";
				SWIFT_VERSION = 5.0;
				TARGETED_DEVICE_FAMILY = "1,2";
			};
			name = Release;
		};
/* End XCBuildConfiguration section */

/* Begin XCConfigurationList section */
		0C855496290C1440008651F0 /* Build configuration list for PBXProject "VideoPlayerAndRenderDemo" */ = {
			isa = XCConfigurationList;
			buildConfigurations = (
				0C8554AD290C1441008651F0 /* Debug */,
				0C8554AE290C1441008651F0 /* Release */,
			);
			defaultConfigurationIsVisible = 0;
			defaultConfigurationName = Release;
		};
		0C8554AF290C1441008651F0 /* Build configuration list for PBXNativeTarget "VideoPlayerAndRenderDemo" */ = {
			isa = XCConfigurationList;
			buildConfigurations = (
				0C8554B0290C1441008651F0 /* Debug */,
				0C8554B1290C1441008651F0 /* Release */,
			);
			defaultConfigurationIsVisible = 0;
			defaultConfigurationName = Release;
		};
/* End XCConfigurationList section */
	};
	rootObject = 0C855493290C1440008651F0 /* Project object */;
}
